Microsoft Visual Studio Solution File, Format Version 12.00
# Visual Studio Version 17
VisualStudioVersion = 17.5.2.0
MinimumVisualStudioVersion = 10.0.40219.1
Project("{FAE04EC0-301F-11D3-BF4B-00C04F79EFBC}") = "TeamSyncWorkspace", "TeamSyncWorkspace.csproj", "{CDAFDCB4-6CAC-D982-70F2-84DEC2E7C4A3}"
EndProject
Global
	GlobalSection(SolutionConfigurationPlatforms) = preSolution
		Debug|Any CPU = Debug|Any CPU
		Release|Any CPU = Release|Any CPU
	EndGlobalSection
	GlobalSection(ProjectConfigurationPlatforms) = postSolution
		{CDAFDCB4-6CAC-D982-70F2-84DEC2E7C4A3}.Debug|Any CPU.ActiveCfg = Debug|Any CPU
		{CDAFDCB4-6CAC-D982-70F2-84DEC2E7C4A3}.Debug|Any CPU.Build.0 = Debug|Any CPU
		{CDAFDCB4-6CAC-D982-70F2-84DEC2E7C4A3}.Release|Any CPU.ActiveCfg = Release|Any CPU
		{CDAFDCB4-6CAC-D982-70F2-84DEC2E7C4A3}.Release|Any CPU.Build.0 = Release|Any CPU
	EndGlobalSection
	GlobalSection(SolutionProperties) = preSolution
		HideSolutionNode = FALSE
	EndGlobalSection
	GlobalSection(ExtensibilityGlobals) = postSolution
		SolutionGuid = {54A943B3-76ED-4905-9C6D-34214120AC6D}
	EndGlobalSection
EndGlobal
